// !$*UTF8*$!
{
	archiveVersion = 1;
	classes = {
	};
	objectVersion = 46;
	objects = {

/* Begin PBXBuildFile section */
		164EDAA71A01B968005F7452 /* AppDelegate.swift in Sources */ = {isa = PBXBuildFile; fileRef = 164EDAA61A01B968005F7452 /* AppDelegate.swift */; };
		164EDAA91A01B968005F7452 /* ViewController.swift in Sources */ = {isa = PBXBuildFile; fileRef = 164EDAA81A01B968005F7452 /* ViewController.swift */; };
		164EDAAC1A01B968005F7452 /* Main.storyboard in Resources */ = {isa = PBXBuildFile; fileRef = 164EDAAA1A01B968005F7452 /* Main.storyboard */; };
		164EDAAE1A01B968005F7452 /* Images.xcassets in Resources */ = {isa = PBXBuildFile; fileRef = 164EDAAD1A01B968005F7452 /* Images.xcassets */; };
		164EDAB11A01B968005F7452 /* LaunchScreen.xib in Resources */ = {isa = PBXBuildFile; fileRef = 164EDAAF1A01B968005F7452 /* LaunchScreen.xib */; };
		164EDABD1A01B968005F7452 /* percentageCounterTests.swift in Sources */ = {isa = PBXBuildFile; fileRef = 164EDABC1A01B968005F7452 /* percentageCounterTests.swift */; };
/* End PBXBuildFile section */

/* Begin PBXContainerItemProxy section */
		164EDAB71A01B968005F7452 /* PBXContainerItemProxy */ = {
			isa = PBXContainerItemProxy;
			containerPortal = 164EDA991A01B968005F7452 /* Project object */;
			proxyType = 1;
			remoteGlobalIDString = 164EDAA01A01B968005F7452;
			remoteInfo = percentageCounter;
		};
/* End PBXContainerItemProxy section */

/* Begin PBXFileReference section */
		164EDAA11A01B968005F7452 /* percentageCounter.app */ = {isa = PBXFileReference; explicitFileType = wrapper.application; includeInIndex = 0; path = percentageCounter.app; sourceTree = BUILT_PRODUCTS_DIR; };
		164EDAA51A01B968005F7452 /* Info.plist */ = {isa = PBXFileReference; lastKnownFileType = text.plist.xml; path = Info.plist; sourceTree = "<group>"; };
		164EDAA61A01B968005F7452 /* AppDelegate.swift */ = {isa = PBXFileReference; lastKnownFileType = sourcecode.swift; path = AppDelegate.swift; sourceTree = "<group>"; };
		164EDAA81A01B968005F7452 /* ViewController.swift */ = {isa = PBXFileReference; lastKnownFileType = sourcecode.swift; path = ViewController.swift; sourceTree = "<group>"; };
		164EDAAB1A01B968005F7452 /* Base */ = {isa = PBXFileReference; lastKnownFileType = file.storyboard; name = Base; path = Base.lproj/Main.storyboard; sourceTree = "<group>"; };
		164EDAAD1A01B968005F7452 /* Images.xcassets */ = {isa = PBXFileReference; lastKnownFileType = folder.assetcatalog; path = Images.xcassets; sourceTree = "<group>"; };
		164EDAB01A01B968005F7452 /* Base */ = {isa = PBXFileReference; lastKnownFileType = file.xib; name = Base; path = Base.lproj/LaunchScreen.xib; sourceTree = "<group>"; };
		164EDAB61A01B968005F7452 /* percentageCounterTests.xctest */ = {isa = PBXFileReference; explicitFileType = wrapper.cfbundle; includeInIndex = 0; path = percentageCounterTests.xctest; sourceTree = BUILT_PRODUCTS_DIR; };
		164EDABB1A01B968005F7452 /* Info.plist */ = {isa = PBXFileReference; lastKnownFileType = text.plist.xml; path = Info.plist; sourceTree = "<group>"; };
		164EDABC1A01B968005F7452 /* percentageCounterTests.swift */ = {isa = PBXFileReference; lastKnownFileType = sourcecode.swift; path = percentageCounterTests.swift; sourceTree = "<group>"; };
/* End PBXFileReference section */

/* Begin PBXFrameworksBuildPhase section */
		164EDA9E1A01B968005F7452 /* Frameworks */ = {
			isa = PBXFrameworksBuildPhase;
			buildActionMask = 2147483647;
			files = (
			);
			runOnlyForDeploymentPostprocessing = 0;
		};
		164EDAB31A01B968005F7452 /* Frameworks */ = {
			isa = PBXFrameworksBuildPhase;
			buildActionMask = 2147483647;
			files = (
			);
			runOnlyForDeploymentPostprocessing = 0;
		};
/* End PBXFrameworksBuildPhase section */

/* Begin PBXGroup section */
		164EDA981A01B968005F7452 = {
			isa = PBXGroup;
			children = (
				164EDAA31A01B968005F7452 /* percentageCounter */,
				164EDAB91A01B968005F7452 /* percentageCounterTests */,
				164EDAA21A01B968005F7452 /* Products */,
			);
			sourceTree = "<group>";
		};
		164EDAA21A01B968005F7452 /* Products */ = {
			isa = PBXGroup;
			children = (
				164EDAA11A01B968005F7452 /* percentageCounter.app */,
				164EDAB61A01B968005F7452 /* percentageCounterTests.xctest */,
			);
			name = Products;
			sourceTree = "<group>";
		};
		164EDAA31A01B968005F7452 /* percentageCounter */ = {
			isa = PBXGroup;
			children = (
				164EDAA61A01B968005F7452 /* AppDelegate.swift */,
				164EDAA81A01B968005F7452 /* ViewController.swift */,
				164EDAAA1A01B968005F7452 /* Main.storyboard */,
				164EDAAD1A01B968005F7452 /* Images.xcassets */,
				164EDAAF1A01B968005F7452 /* LaunchScreen.xib */,
				164EDAA41A01B968005F7452 /* Supporting Files */,
			);
			path = percentageCounter;
			sourceTree = "<group>";
		};
		164EDAA41A01B968005F7452 /* Supporting Files */ = {
			isa = PBXGroup;
			children = (
				164EDAA51A01B968005F7452 /* Info.plist */,
			);
			name = "Supporting Files";
			sourceTree = "<group>";
		};
		164EDAB91A01B968005F7452 /* percentageCounterTests */ = {
			isa = PBXGroup;
			children = (
				164EDABC1A01B968005F7452 /* percentageCounterTests.swift */,
				164EDABA1A01B968005F7452 /* Supporting Files */,
			);
			path = percentageCounterTests;
			sourceTree = "<group>";
		};
		164EDABA1A01B968005F7452 /* Supporting Files */ = {
			isa = PBXGroup;
			children = (
				164EDABB1A01B968005F7452 /* Info.plist */,
			);
			name = "Supporting Files";
			sourceTree = "<group>";
		};
/* End PBXGroup section */

/* Begin PBXNativeTarget section */
		164EDAA01A01B968005F7452 /* percentageCounter */ = {
			isa = PBXNativeTarget;
			buildConfigurationList = 164EDAC01A01B968005F7452 /* Build configuration list for PBXNativeTarget "percentageCounter" */;
			buildPhases = (
				164EDA9D1A01B968005F7452 /* Sources */,
				164EDA9E1A01B968005F7452 /* Frameworks */,
				164EDA9F1A01B968005F7452 /* Resources */,
			);
			buildRules = (
			);
			dependencies = (
			);
			name = percentageCounter;
			productName = percentageCounter;
			productReference = 164EDAA11A01B968005F7452 /* percentageCounter.app */;
			productType = "com.apple.product-type.application";
		};
		164EDAB51A01B968005F7452 /* percentageCounterTests */ = {
			isa = PBXNativeTarget;
			buildConfigurationList = 164EDAC31A01B968005F7452 /* Build configuration list for PBXNativeTarget "percentageCounterTests" */;
			buildPhases = (
				164EDAB21A01B968005F7452 /* Sources */,
				164EDAB31A01B968005F7452 /* Frameworks */,
				164EDAB41A01B968005F7452 /* Resources */,
			);
			buildRules = (
			);
			dependencies = (
				164EDAB81A01B968005F7452 /* PBXTargetDependency */,
			);
			name = percentageCounterTests;
			productName = percentageCounterTests;
			productReference = 164EDAB61A01B968005F7452 /* percentageCounterTests.xctest */;
			productType = "com.apple.product-type.bundle.unit-test";
		};
/* End PBXNativeTarget section */

/* Begin PBXProject section */
		164EDA991A01B968005F7452 /* Project object */ = {
			isa = PBXProject;
			attributes = {
				LastUpgradeCheck = 0610;
				ORGANIZATIONNAME = "Jacob Hawken";
				TargetAttributes = {
					164EDAA01A01B968005F7452 = {
						CreatedOnToolsVersion = 6.1;
					};
					164EDAB51A01B968005F7452 = {
						CreatedOnToolsVersion = 6.1;
						TestTargetID = 164EDAA01A01B968005F7452;
					};
				};
			};
			buildConfigurationList = 164EDA9C1A01B968005F7452 /* Build configuration list for PBXProject "percentageCounter" */;
			compatibilityVersion = "Xcode 3.2";
			developmentRegion = English;
			hasScannedForEncodings = 0;
			knownRegions = (
				en,
				Base,
			);
			mainGroup = 164EDA981A01B968005F7452;
			productRefGroup = 164EDAA21A01B968005F7452 /* Products */;
			projectDirPath = "";
			projectRoot = "";
			targets = (
				164EDAA01A01B968005F7452 /* percentageCounter */,
				164EDAB51A01B968005F7452 /* percentageCounterTests */,
			);
		};
/* End PBXProject section */

/* Begin PBXResourcesBuildPhase section */
		164EDA9F1A01B968005F7452 /* Resources */ = {
			isa = PBXResourcesBuildPhase;
			buildActionMask = 2147483647;
			files = (
				164EDAAC1A01B968005F7452 /* Main.storyboard in Resources */,
				164EDAB11A01B968005F7452 /* LaunchScreen.xib in Resources */,
				164EDAAE1A01B968005F7452 /* Images.xcassets in Resources */,
			);
			runOnlyForDeploymentPostprocessing = 0;
		};
		164EDAB41A01B968005F7452 /* Resources */ = {
			isa = PBXResourcesBuildPhase;
			buildActionMask = 2147483647;
			files = (
			);
			runOnlyForDeploymentPostprocessing = 0;
		};
/* End PBXResourcesBuildPhase section */

/* Begin PBXSourcesBuildPhase section */
		164EDA9D1A01B968005F7452 /* Sources */ = {
			isa = PBXSourcesBuildPhase;
			buildActionMask = 2147483647;
			files = (
				164EDAA91A01B968005F7452 /* ViewController.swift in Sources */,
				164EDAA71A01B968005F7452 /* AppDelegate.swift in Sources */,
			);
			runOnlyForDeploymentPostprocessing = 0;
		};
		164EDAB21A01B968005F7452 /* Sources */ = {
			isa = PBXSourcesBuildPhase;
			buildActionMask = 2147483647;
			files = (
				164EDABD1A01B968005F7452 /* percentageCounterTests.swift in Sources */,
			);
			runOnlyForDeploymentPostprocessing = 0;
		};
/* End PBXSourcesBuildPhase section */

/* Begin PBXTargetDependency section */
		164EDAB81A01B968005F7452 /* PBXTargetDependency */ = {
			isa = PBXTargetDependency;
			target = 164EDAA01A01B968005F7452 /* percentageCounter */;
			targetProxy = 164EDAB71A01B968005F7452 /* PBXContainerItemProxy */;
		};
/* End PBXTargetDependency section */

/* Begin PBXVariantGroup section */
		164EDAAA1A01B968005F7452 /* Main.storyboard */ = {
			isa = PBXVariantGroup;
			children = (
				164EDAAB1A01B968005F7452 /* Base */,
			);
			name = Main.storyboard;
			sourceTree = "<group>";
		};
		164EDAAF1A01B968005F7452 /* LaunchScreen.xib */ = {
			isa = PBXVariantGroup;
			children = (
				164EDAB01A01B968005F7452 /* Base */,
			);
			name = LaunchScreen.xib;
			sourceTree = "<group>";
		};
/* End PBXVariantGroup section */

/* Begin XCBuildConfiguration section */
		164EDABE1A01B968005F7452 /* Debug */ = {
			isa = XCBuildConfiguration;
			buildSettings = {
				ALWAYS_SEARCH_USER_PATHS = NO;
				CLANG_CXX_LANGUAGE_STANDARD = "gnu++0x";
				CLANG_CXX_LIBRARY = "libc++";
				CLANG_ENABLE_MODULES = YES;
				CLANG_ENABLE_OBJC_ARC = YES;
				CLANG_WARN_BOOL_CONVERSION = YES;
				CLANG_WARN_CONSTANT_CONVERSION = YES;
				CLANG_WARN_DIRECT_OBJC_ISA_USAGE = YES_ERROR;
				CLANG_WARN_EMPTY_BODY = YES;
				CLANG_WARN_ENUM_CONVERSION = YES;
				CLANG_WARN_INT_CONVERSION = YES;
				CLANG_WARN_OBJC_ROOT_CLASS = YES_ERROR;
				CLANG_WARN_UNREACHABLE_CODE = YES;
				CLANG_WARN__DUPLICATE_METHOD_MATCH = YES;
				"CODE_SIGN_IDENTITY[sdk=iphoneos*]" = "iPhone Developer";
				COPY_PHASE_STRIP = NO;
				ENABLE_STRICT_OBJC_MSGSEND = YES;
				GCC_C_LANGUAGE_STANDARD = gnu99;
				GCC_DYNAMIC_NO_PIC = NO;
				GCC_OPTIMIZATION_LEVEL = 0;
				GCC_PREPROCESSOR_DEFINITIONS = (
					"DEBUG=1",
					"$(inherited)",
				);
				GCC_SYMBOLS_PRIVATE_EXTERN = NO;
				GCC_WARN_64_TO_32_BIT_CONVERSION = YES;
				GCC_WARN_ABOUT_RETURN_TYPE = YES_ERROR;
				GCC_WARN_UNDECLARED_SELECTOR = YES;
				GCC_WARN_UNINITIALIZED_AUTOS = YES_AGGRESSIVE;
				GCC_WARN_UNUSED_FUNCTION = YES;
				GCC_WARN_UNUSED_VARIABLE = YES;
				IPHONEOS_DEPLOYMENT_TARGET = 8.1;
				MTL_ENABLE_DEBUG_INFO = YES;
				ONLY_ACTIVE_ARCH = YES;
				SDKROOT = iphoneos;
				SWIFT_OPTIMIZATION_LEVEL = "-Onone";
			};
			name = Debug;
		};
		164EDABF1A01B968005F7452 /* Release */ = {
			isa = XCBuildConfiguration;
			buildSettings = {
				ALWAYS_SEARCH_USER_PATHS = NO;
				CLANG_CXX_LANGUAGE_STANDARD = "gnu++0x";
				CLANG_CXX_LIBRARY = "libc++";
				CLANG_ENABLE_MODULES = YES;
				CLANG_ENABLE_OBJC_ARC = YES;
				CLANG_WARN_BOOL_CONVERSION = YES;
				CLANG_WARN_CONSTANT_CONVERSION = YES;
				CLANG_WARN_DIRECT_OBJC_ISA_USAGE = YES_ERROR;
				CLANG_WARN_EMPTY_BODY = YES;
				CLANG_WARN_ENUM_CONVERSION = YES;
				CLANG_WARN_INT_CONVERSION = YES;
				CLANG_WARN_OBJC_ROOT_CLASS = YES_ERROR;
				CLANG_WARN_UNREACHABLE_CODE = YES;
				CLANG_WARN__DUPLICATE_METHOD_MATCH = YES;
				"CODE_SIGN_IDENTITY[sdk=iphoneos*]" = "iPhone Developer";
				COPY_PHASE_STRIP = YES;
				ENABLE_NS_ASSERTIONS = NO;
				ENABLE_STRICT_OBJC_MSGSEND = YES;
				GCC_C_LANGUAGE_STANDARD = gnu99;
				GCC_WARN_64_TO_32_BIT_CONVERSION = YES;
				GCC_WARN_ABOUT_RETURN_TYPE = YES_ERROR;
				GCC_WARN_UNDECLARED_SELECTOR = YES;
				GCC_WARN_UNINITIALIZED_AUTOS = YES_AGGRESSIVE;
				GCC_WARN_UNUSED_FUNCTION = YES;
				GCC_WARN_UNUSED_VARIABLE = YES;
				IPHONEOS_DEPLOYMENT_TARGET = 8.1;
				MTL_ENABLE_DEBUG_INFO = NO;
				SDKROOT = iphoneos;
				VALIDATE_PRODUCT = YES;
			};
			name = Release;
		};
		164EDAC11A01B968005F7452 /* Debug */ = {
			isa = XCBuildConfiguration;
			buildSettings = {
				ASSETCATALOG_COMPILER_APPICON_NAME = AppIcon;
				INFOPLIST_FILE = percentageCounter/Info.plist;
				IPHONEOS_DEPLOYMENT_TARGET = 8.0;
				LD_RUNPATH_SEARCH_PATHS = "$(inherited) @executable_path/Frameworks";
				PRODUCT_NAME = "$(TARGET_NAME)";
			};
			name = Debug;
		};
		164EDAC21A01B968005F7452 /* Release */ = {
			isa = XCBuildConfiguration;
			buildSettings = {
				ASSETCATALOG_COMPILER_APPICON_NAME = AppIcon;
				INFOPLIST_FILE = percentageCounter/Info.plist;
				IPHONEOS_DEPLOYMENT_TARGET = 8.0;
				LD_RUNPATH_SEARCH_PATHS = "$(inherited) @executable_path/Frameworks";
				PRODUCT_NAME = "$(TARGET_NAME)";
			};
			name = Release;
		};
		164EDAC41A01B968005F7452 /* Debug */ = {
			isa = XCBuildConfiguration;
			buildSettings = {
				BUNDLE_LOADER = "$(TEST_HOST)";
				FRAMEWORK_SEARCH_PATHS = (
					"$(SDKROOT)/Developer/Library/Frameworks",
					"$(inherited)",
				);
				GCC_PREPROCESSOR_DEFINITIONS = (
					"DEBUG=1",
					"$(inherited)",
				);
				INFOPLIST_FILE = percentageCounterTests/Info.plist;
				LD_RUNPATH_SEARCH_PATHS = "$(inherited) @executable_path/Frameworks @loader_path/Frameworks";
				PRODUCT_NAME = "$(TARGET_NAME)";
				TEST_HOST = "$(BUILT_PRODUCTS_DIR)/percentageCounter.app/percentageCounter";
			};
			name = Debug;
		};
		164EDAC51A01B968005F7452 /* Release */ = {
			isa = XCBuildConfiguration;
			buildSettings = {
				BUNDLE_LOADER = "$(TEST_HOST)";
				FRAMEWORK_SEARCH_PATHS = (
					"$(SDKROOT)/Developer/Library/Frameworks",
					"$(inherited)",
				);
				INFOPLIST_FILE = percentageCounterTests/Info.plist;
				LD_RUNPATH_SEARCH_PATHS = "$(inherited) @executable_path/Frameworks @loader_path/Frameworks";
				PRODUCT_NAME = "$(TARGET_NAME)";
				TEST_HOST = "$(BUILT_PRODUCTS_DIR)/percentageCounter.app/percentageCounter";
			};
			name = Release;
		};
/* End XCBuildConfiguration section */

/* Begin XCConfigurationList section */
		164EDA9C1A01B968005F7452 /* Build configuration list for PBXProject "percentageCounter" */ = {
			isa = XCConfigurationList;
			buildConfigurations = (
				164EDABE1A01B968005F7452 /* Debug */,
				164EDABF1A01B968005F7452 /* Release */,
			);
			defaultConfigurationIsVisible = 0;
			defaultConfigurationName = Release;
		};
		164EDAC01A01B968005F7452 /* Build configuration list for PBXNativeTarget "percentageCounter" */ = {
			isa = XCConfigurationList;
			buildConfigurations = (
				164EDAC11A01B968005F7452 /* Debug */,
				164EDAC21A01B968005F7452 /* Release */,
			);
			defaultConfigurationIsVisible = 0;
		};
		164EDAC31A01B968005F7452 /* Build configuration list for PBXNativeTarget "percentageCounterTests" */ = {
			isa = XCConfigurationList;
			buildConfigurations = (
				164EDAC41A01B968005F7452 /* Debug */,
				164EDAC51A01B968005F7452 /* Release */,
			);
			defaultConfigurationIsVisible = 0;
		};
/* End XCConfigurationList section */
	};
	rootObject = 164EDA991A01B968005F7452 /* Project object */;
}
